
Microsoft Visual Studio Solution File, Format Version 12.00
# Visual Studio Version 17
VisualStudioVersion = 17.1.32328.378
MinimumVisualStudioVersion = 10.0.40219.1
Project("{2150E333-8FDC-42A3-9474-1A3956D46DE8}") = "src", "src", "{681696EC-196E-48C8-9A77-333F340A4C15}"
EndProject
Project("{2150E333-8FDC-42A3-9474-1A3956D46DE8}") = "core", "core", "{B97CEFBF-1AE3-48FD-A659-CD880A9EE5B5}"
EndProject
Project("{2150E333-8FDC-42A3-9474-1A3956D46DE8}") = "services", "services", "{906CBF05-4A34-4D54-8196-A92E7FE88538}"
EndProject
Project("{2150E333-8FDC-42A3-9474-1A3956D46DE8}") = "order", "order", "{3B895F62-F09E-463A-83E9-580E2FDD172C}"
EndProject
Project("{2150E333-8FDC-42A3-9474-1A3956D46DE8}") = "stock", "stock", "{1E53C5C5-2220-4759-AD1D-01D8BC7961C7}"
EndProject
Project("{2150E333-8FDC-42A3-9474-1A3956D46DE8}") = "payment", "payment", "{B990B644-2C57-4233-81EB-D31E1B75566C}"
EndProject
Project("{9A19103F-16F7-4668-BE54-9A1E7A4F7556}") = "core-domain", "src\core\core-domain\core-domain.csproj", "{2A5200C2-E9F6-4D76-99BE-BDCE8711DC19}"
EndProject
Project("{9A19103F-16F7-4668-BE54-9A1E7A4F7556}") = "core-application", "src\core\core-application\core-application.csproj", "{1C86BB53-A82C-4698-8AF2-8823D6B663EB}"
EndProject
Project("{9A19103F-16F7-4668-BE54-9A1E7A4F7556}") = "core-infrastructure", "src\core\core-infrastructure\core-infrastructure.csproj", "{D64184C6-A0B6-4D90-9FEE-0B168FFD4EE6}"
EndProject
Project("{9A19103F-16F7-4668-BE54-9A1E7A4F7556}") = "core-messages", "src\core\core-message\core-messages.csproj", "{80FC9039-7A49-4761-933F-C90FAEA68BF5}"
EndProject
Project("{2150E333-8FDC-42A3-9474-1A3956D46DE8}") = "bg-service", "bg-service", "{4D5DB7C6-06B9-490D-8FE1-81AC2EE1DF6C}"
EndProject
Project("{9A19103F-16F7-4668-BE54-9A1E7A4F7556}") = "MessageRelayService", "src\services\bg-service\MessageRelayService\MessageRelayService.csproj", "{AA649C04-288E-48C5-A5B6-BADE83A3B5D7}"
EndProject
Project("{2150E333-8FDC-42A3-9474-1A3956D46DE8}") = "write-side", "write-side", "{9BD35C76-B856-49AA-AAA6-91A257153E06}"
EndProject
Project("{2150E333-8FDC-42A3-9474-1A3956D46DE8}") = "read-side", "read-side", "{0C0E5533-17E5-463D-B8F0-C58A3B3F14A7}"
EndProject
Project("{9A19103F-16F7-4668-BE54-9A1E7A4F7556}") = "api", "src\services\order\read-side\api\api.csproj", "{3AB81FFC-A45F-41A2-8084-EE0DEB51C139}"
EndProject
Project("{9A19103F-16F7-4668-BE54-9A1E7A4F7556}") = "api", "src\services\order\write-side\api\api.csproj", "{F1E830CD-8865-474A-B1B5-14793B0D51D4}"
EndProject
Project("{9A19103F-16F7-4668-BE54-9A1E7A4F7556}") = "application", "src\services\order\write-side\application\application.csproj", "{8A3DC073-AD08-47CC-9362-7DDAF5E9624B}"
EndProject
Project("{9A19103F-16F7-4668-BE54-9A1E7A4F7556}") = "domain", "src\services\order\write-side\domain\domain.csproj", "{08208140-5D4D-4A5B-AC5C-8A7F7CC5BDC6}"
EndProject
Project("{9A19103F-16F7-4668-BE54-9A1E7A4F7556}") = "infrastructure", "src\services\order\write-side\infrastructure\infrastructure.csproj", "{B3D6B114-36F6-4AB1-B95A-8BDF6BD9F0DD}"
EndProject
Project("{9A19103F-16F7-4668-BE54-9A1E7A4F7556}") = "application", "src\services\order\read-side\application\application.csproj", "{681BB5A7-1AAD-4242-B4E2-3D86CC6A1DEE}"
EndProject
Project("{9A19103F-16F7-4668-BE54-9A1E7A4F7556}") = "domain", "src\services\order\read-side\domain\domain.csproj", "{C246ADF4-E11D-4302-90AF-2DBD7D5D9355}"
EndProject
Project("{9A19103F-16F7-4668-BE54-9A1E7A4F7556}") = "domain", "src\services\stock\domain\domain.csproj", "{6B0DCC08-7DDD-4214-8299-9D27AC3F3BBD}"
EndProject
Project("{9A19103F-16F7-4668-BE54-9A1E7A4F7556}") = "application", "src\services\stock\application\application.csproj", "{6C6EA1B0-EE6B-435E-B080-C99204E7FC06}"
EndProject
Project("{9A19103F-16F7-4668-BE54-9A1E7A4F7556}") = "infrastructure", "src\services\stock\infrastructure\infrastructure.csproj", "{04D142DB-218C-464C-9F3B-FF3D09A5D363}"
EndProject
Project("{9A19103F-16F7-4668-BE54-9A1E7A4F7556}") = "api", "src\services\stock\api\api.csproj", "{E89F1701-56B2-42BD-A803-6642C3D86AE0}"
EndProject
Project("{9A19103F-16F7-4668-BE54-9A1E7A4F7556}") = "api", "src\services\payment\api\api.csproj", "{21F5C5A9-CAE6-4D7C-AF60-82B58E87FBEF}"
EndProject
Project("{9A19103F-16F7-4668-BE54-9A1E7A4F7556}") = "application", "src\services\payment\application\application.csproj", "{BA30037E-E849-4CFB-ADC7-1763F81425C0}"
EndProject
Project("{9A19103F-16F7-4668-BE54-9A1E7A4F7556}") = "domain", "src\services\payment\domain\domain.csproj", "{06064D6F-ACD8-41E4-A4D0-BB24D6E2A9D9}"
EndProject
Project("{9A19103F-16F7-4668-BE54-9A1E7A4F7556}") = "infrastructure", "src\services\payment\infrastructure\infrastructure.csproj", "{D536002B-DB7A-4D0A-8552-3EC7473ECDEF}"
EndProject
Project("{E53339B2-1760-4266-BCC7-CA923CBCF16C}") = "docker-compose", "docker-compose.dcproj", "{94E801F1-97AC-4859-9F3D-CE22F3842198}"
EndProject
Project("{2150E333-8FDC-42A3-9474-1A3956D46DE8}") = "health-check-ui", "health-check-ui", "{B4BF0DC6-BF71-47E4-9E5C-C7D1CF01F6D4}"
EndProject
Project("{FAE04EC0-301F-11D3-BF4B-00C04F79EFBC}") = "healtcheckui", "src\services\health-check-ui\healtcheckui\healtcheckui.csproj", "{445F6A3B-E059-4606-B391-31511B971063}"
EndProject
Project("{FAE04EC0-301F-11D3-BF4B-00C04F79EFBC}") = "notificationWebHook", "src\services\health-check-ui\notificationWebHook\notificationWebHook.csproj", "{B1CD94A9-346F-4803-A92D-CF5A60DC6199}"
EndProject
Global
	GlobalSection(SolutionConfigurationPlatforms) = preSolution
		Debug|Any CPU = Debug|Any CPU
		Release|Any CPU = Release|Any CPU
	EndGlobalSection
	GlobalSection(ProjectConfigurationPlatforms) = postSolution
		{2A5200C2-E9F6-4D76-99BE-BDCE8711DC19}.Debug|Any CPU.ActiveCfg = Debug|Any CPU
		{2A5200C2-E9F6-4D76-99BE-BDCE8711DC19}.Debug|Any CPU.Build.0 = Debug|Any CPU
		{2A5200C2-E9F6-4D76-99BE-BDCE8711DC19}.Release|Any CPU.ActiveCfg = Release|Any CPU
		{2A5200C2-E9F6-4D76-99BE-BDCE8711DC19}.Release|Any CPU.Build.0 = Release|Any CPU
		{1C86BB53-A82C-4698-8AF2-8823D6B663EB}.Debug|Any CPU.ActiveCfg = Debug|Any CPU
		{1C86BB53-A82C-4698-8AF2-8823D6B663EB}.Debug|Any CPU.Build.0 = Debug|Any CPU
		{1C86BB53-A82C-4698-8AF2-8823D6B663EB}.Release|Any CPU.ActiveCfg = Release|Any CPU
		{1C86BB53-A82C-4698-8AF2-8823D6B663EB}.Release|Any CPU.Build.0 = Release|Any CPU
		{D64184C6-A0B6-4D90-9FEE-0B168FFD4EE6}.Debug|Any CPU.ActiveCfg = Debug|Any CPU
		{D64184C6-A0B6-4D90-9FEE-0B168FFD4EE6}.Debug|Any CPU.Build.0 = Debug|Any CPU
		{D64184C6-A0B6-4D90-9FEE-0B168FFD4EE6}.Release|Any CPU.ActiveCfg = Release|Any CPU
		{D64184C6-A0B6-4D90-9FEE-0B168FFD4EE6}.Release|Any CPU.Build.0 = Release|Any CPU
		{80FC9039-7A49-4761-933F-C90FAEA68BF5}.Debug|Any CPU.ActiveCfg = Debug|Any CPU
		{80FC9039-7A49-4761-933F-C90FAEA68BF5}.Debug|Any CPU.Build.0 = Debug|Any CPU
		{80FC9039-7A49-4761-933F-C90FAEA68BF5}.Release|Any CPU.ActiveCfg = Release|Any CPU
		{80FC9039-7A49-4761-933F-C90FAEA68BF5}.Release|Any CPU.Build.0 = Release|Any CPU
		{AA649C04-288E-48C5-A5B6-BADE83A3B5D7}.Debug|Any CPU.ActiveCfg = Debug|Any CPU
		{AA649C04-288E-48C5-A5B6-BADE83A3B5D7}.Debug|Any CPU.Build.0 = Debug|Any CPU
		{AA649C04-288E-48C5-A5B6-BADE83A3B5D7}.Release|Any CPU.ActiveCfg = Release|Any CPU
		{AA649C04-288E-48C5-A5B6-BADE83A3B5D7}.Release|Any CPU.Build.0 = Release|Any CPU
		{3AB81FFC-A45F-41A2-8084-EE0DEB51C139}.Debug|Any CPU.ActiveCfg = Debug|Any CPU
		{3AB81FFC-A45F-41A2-8084-EE0DEB51C139}.Debug|Any CPU.Build.0 = Debug|Any CPU
		{3AB81FFC-A45F-41A2-8084-EE0DEB51C139}.Release|Any CPU.ActiveCfg = Release|Any CPU
		{3AB81FFC-A45F-41A2-8084-EE0DEB51C139}.Release|Any CPU.Build.0 = Release|Any CPU
		{F1E830CD-8865-474A-B1B5-14793B0D51D4}.Debug|Any CPU.ActiveCfg = Debug|Any CPU
		{F1E830CD-8865-474A-B1B5-14793B0D51D4}.Debug|Any CPU.Build.0 = Debug|Any CPU
		{F1E830CD-8865-474A-B1B5-14793B0D51D4}.Release|Any CPU.ActiveCfg = Release|Any CPU
		{F1E830CD-8865-474A-B1B5-14793B0D51D4}.Release|Any CPU.Build.0 = Release|Any CPU
		{8A3DC073-AD08-47CC-9362-7DDAF5E9624B}.Debug|Any CPU.ActiveCfg = Debug|Any CPU
		{8A3DC073-AD08-47CC-9362-7DDAF5E9624B}.Debug|Any CPU.Build.0 = Debug|Any CPU
		{8A3DC073-AD08-47CC-9362-7DDAF5E9624B}.Release|Any CPU.ActiveCfg = Release|Any CPU
		{8A3DC073-AD08-47CC-9362-7DDAF5E9624B}.Release|Any CPU.Build.0 = Release|Any CPU
		{08208140-5D4D-4A5B-AC5C-8A7F7CC5BDC6}.Debug|Any CPU.ActiveCfg = Debug|Any CPU
		{08208140-5D4D-4A5B-AC5C-8A7F7CC5BDC6}.Debug|Any CPU.Build.0 = Debug|Any CPU
		{08208140-5D4D-4A5B-AC5C-8A7F7CC5BDC6}.Release|Any CPU.ActiveCfg = Release|Any CPU
		{08208140-5D4D-4A5B-AC5C-8A7F7CC5BDC6}.Release|Any CPU.Build.0 = Release|Any CPU
		{B3D6B114-36F6-4AB1-B95A-8BDF6BD9F0DD}.Debug|Any CPU.ActiveCfg = Debug|Any CPU
		{B3D6B114-36F6-4AB1-B95A-8BDF6BD9F0DD}.Debug|Any CPU.Build.0 = Debug|Any CPU
		{B3D6B114-36F6-4AB1-B95A-8BDF6BD9F0DD}.Release|Any CPU.ActiveCfg = Release|Any CPU
		{B3D6B114-36F6-4AB1-B95A-8BDF6BD9F0DD}.Release|Any CPU.Build.0 = Release|Any CPU
		{681BB5A7-1AAD-4242-B4E2-3D86CC6A1DEE}.Debug|Any CPU.ActiveCfg = Debug|Any CPU
		{681BB5A7-1AAD-4242-B4E2-3D86CC6A1DEE}.Debug|Any CPU.Build.0 = Debug|Any CPU
		{681BB5A7-1AAD-4242-B4E2-3D86CC6A1DEE}.Release|Any CPU.ActiveCfg = Release|Any CPU
		{681BB5A7-1AAD-4242-B4E2-3D86CC6A1DEE}.Release|Any CPU.Build.0 = Release|Any CPU
		{C246ADF4-E11D-4302-90AF-2DBD7D5D9355}.Debug|Any CPU.ActiveCfg = Debug|Any CPU
		{C246ADF4-E11D-4302-90AF-2DBD7D5D9355}.Debug|Any CPU.Build.0 = Debug|Any CPU
		{C246ADF4-E11D-4302-90AF-2DBD7D5D9355}.Release|Any CPU.ActiveCfg = Release|Any CPU
		{C246ADF4-E11D-4302-90AF-2DBD7D5D9355}.Release|Any CPU.Build.0 = Release|Any CPU
		{6B0DCC08-7DDD-4214-8299-9D27AC3F3BBD}.Debug|Any CPU.ActiveCfg = Debug|Any CPU
		{6B0DCC08-7DDD-4214-8299-9D27AC3F3BBD}.Debug|Any CPU.Build.0 = Debug|Any CPU
		{6B0DCC08-7DDD-4214-8299-9D27AC3F3BBD}.Release|Any CPU.ActiveCfg = Release|Any CPU
		{6B0DCC08-7DDD-4214-8299-9D27AC3F3BBD}.Release|Any CPU.Build.0 = Release|Any CPU
		{6C6EA1B0-EE6B-435E-B080-C99204E7FC06}.Debug|Any CPU.ActiveCfg = Debug|Any CPU
		{6C6EA1B0-EE6B-435E-B080-C99204E7FC06}.Debug|Any CPU.Build.0 = Debug|Any CPU
		{6C6EA1B0-EE6B-435E-B080-C99204E7FC06}.Release|Any CPU.ActiveCfg = Release|Any CPU
		{6C6EA1B0-EE6B-435E-B080-C99204E7FC06}.Release|Any CPU.Build.0 = Release|Any CPU
		{04D142DB-218C-464C-9F3B-FF3D09A5D363}.Debug|Any CPU.ActiveCfg = Debug|Any CPU
		{04D142DB-218C-464C-9F3B-FF3D09A5D363}.Debug|Any CPU.Build.0 = Debug|Any CPU
		{04D142DB-218C-464C-9F3B-FF3D09A5D363}.Release|Any CPU.ActiveCfg = Release|Any CPU
		{04D142DB-218C-464C-9F3B-FF3D09A5D363}.Release|Any CPU.Build.0 = Release|Any CPU
		{E89F1701-56B2-42BD-A803-6642C3D86AE0}.Debug|Any CPU.ActiveCfg = Debug|Any CPU
		{E89F1701-56B2-42BD-A803-6642C3D86AE0}.Debug|Any CPU.Build.0 = Debug|Any CPU
		{E89F1701-56B2-42BD-A803-6642C3D86AE0}.Release|Any CPU.ActiveCfg = Release|Any CPU
		{E89F1701-56B2-42BD-A803-6642C3D86AE0}.Release|Any CPU.Build.0 = Release|Any CPU
		{21F5C5A9-CAE6-4D7C-AF60-82B58E87FBEF}.Debug|Any CPU.ActiveCfg = Debug|Any CPU
		{21F5C5A9-CAE6-4D7C-AF60-82B58E87FBEF}.Debug|Any CPU.Build.0 = Debug|Any CPU
		{21F5C5A9-CAE6-4D7C-AF60-82B58E87FBEF}.Release|Any CPU.ActiveCfg = Release|Any CPU
		{21F5C5A9-CAE6-4D7C-AF60-82B58E87FBEF}.Release|Any CPU.Build.0 = Release|Any CPU
		{BA30037E-E849-4CFB-ADC7-1763F81425C0}.Debug|Any CPU.ActiveCfg = Debug|Any CPU
		{BA30037E-E849-4CFB-ADC7-1763F81425C0}.Debug|Any CPU.Build.0 = Debug|Any CPU
		{BA30037E-E849-4CFB-ADC7-1763F81425C0}.Release|Any CPU.ActiveCfg = Release|Any CPU
		{BA30037E-E849-4CFB-ADC7-1763F81425C0}.Release|Any CPU.Build.0 = Release|Any CPU
		{06064D6F-ACD8-41E4-A4D0-BB24D6E2A9D9}.Debug|Any CPU.ActiveCfg = Debug|Any CPU
		{06064D6F-ACD8-41E4-A4D0-BB24D6E2A9D9}.Debug|Any CPU.Build.0 = Debug|Any CPU
		{06064D6F-ACD8-41E4-A4D0-BB24D6E2A9D9}.Release|Any CPU.ActiveCfg = Release|Any CPU
		{06064D6F-ACD8-41E4-A4D0-BB24D6E2A9D9}.Release|Any CPU.Build.0 = Release|Any CPU
		{D536002B-DB7A-4D0A-8552-3EC7473ECDEF}.Debug|Any CPU.ActiveCfg = Debug|Any CPU
		{D536002B-DB7A-4D0A-8552-3EC7473ECDEF}.Debug|Any CPU.Build.0 = Debug|Any CPU
		{D536002B-DB7A-4D0A-8552-3EC7473ECDEF}.Release|Any CPU.ActiveCfg = Release|Any CPU
		{D536002B-DB7A-4D0A-8552-3EC7473ECDEF}.Release|Any CPU.Build.0 = Release|Any CPU
		{94E801F1-97AC-4859-9F3D-CE22F3842198}.Debug|Any CPU.ActiveCfg = Debug|Any CPU
		{94E801F1-97AC-4859-9F3D-CE22F3842198}.Debug|Any CPU.Build.0 = Debug|Any CPU
		{94E801F1-97AC-4859-9F3D-CE22F3842198}.Release|Any CPU.ActiveCfg = Release|Any CPU
		{94E801F1-97AC-4859-9F3D-CE22F3842198}.Release|Any CPU.Build.0 = Release|Any CPU
		{445F6A3B-E059-4606-B391-31511B971063}.Debug|Any CPU.ActiveCfg = Debug|Any CPU
		{445F6A3B-E059-4606-B391-31511B971063}.Debug|Any CPU.Build.0 = Debug|Any CPU
		{445F6A3B-E059-4606-B391-31511B971063}.Release|Any CPU.ActiveCfg = Release|Any CPU
		{445F6A3B-E059-4606-B391-31511B971063}.Release|Any CPU.Build.0 = Release|Any CPU
		{B1CD94A9-346F-4803-A92D-CF5A60DC6199}.Debug|Any CPU.ActiveCfg = Debug|Any CPU
		{B1CD94A9-346F-4803-A92D-CF5A60DC6199}.Debug|Any CPU.Build.0 = Debug|Any CPU
		{B1CD94A9-346F-4803-A92D-CF5A60DC6199}.Release|Any CPU.ActiveCfg = Release|Any CPU
		{B1CD94A9-346F-4803-A92D-CF5A60DC6199}.Release|Any CPU.Build.0 = Release|Any CPU
	EndGlobalSection
	GlobalSection(SolutionProperties) = preSolution
		HideSolutionNode = FALSE
	EndGlobalSection
	GlobalSection(NestedProjects) = preSolution
		{B97CEFBF-1AE3-48FD-A659-CD880A9EE5B5} = {681696EC-196E-48C8-9A77-333F340A4C15}
		{906CBF05-4A34-4D54-8196-A92E7FE88538} = {681696EC-196E-48C8-9A77-333F340A4C15}
		{3B895F62-F09E-463A-83E9-580E2FDD172C} = {906CBF05-4A34-4D54-8196-A92E7FE88538}
		{1E53C5C5-2220-4759-AD1D-01D8BC7961C7} = {906CBF05-4A34-4D54-8196-A92E7FE88538}
		{B990B644-2C57-4233-81EB-D31E1B75566C} = {906CBF05-4A34-4D54-8196-A92E7FE88538}
		{2A5200C2-E9F6-4D76-99BE-BDCE8711DC19} = {B97CEFBF-1AE3-48FD-A659-CD880A9EE5B5}
		{1C86BB53-A82C-4698-8AF2-8823D6B663EB} = {B97CEFBF-1AE3-48FD-A659-CD880A9EE5B5}
		{D64184C6-A0B6-4D90-9FEE-0B168FFD4EE6} = {B97CEFBF-1AE3-48FD-A659-CD880A9EE5B5}
		{80FC9039-7A49-4761-933F-C90FAEA68BF5} = {B97CEFBF-1AE3-48FD-A659-CD880A9EE5B5}
		{4D5DB7C6-06B9-490D-8FE1-81AC2EE1DF6C} = {906CBF05-4A34-4D54-8196-A92E7FE88538}
		{AA649C04-288E-48C5-A5B6-BADE83A3B5D7} = {4D5DB7C6-06B9-490D-8FE1-81AC2EE1DF6C}
		{9BD35C76-B856-49AA-AAA6-91A257153E06} = {3B895F62-F09E-463A-83E9-580E2FDD172C}
		{0C0E5533-17E5-463D-B8F0-C58A3B3F14A7} = {3B895F62-F09E-463A-83E9-580E2FDD172C}
		{3AB81FFC-A45F-41A2-8084-EE0DEB51C139} = {0C0E5533-17E5-463D-B8F0-C58A3B3F14A7}
		{F1E830CD-8865-474A-B1B5-14793B0D51D4} = {9BD35C76-B856-49AA-AAA6-91A257153E06}
		{8A3DC073-AD08-47CC-9362-7DDAF5E9624B} = {9BD35C76-B856-49AA-AAA6-91A257153E06}
		{08208140-5D4D-4A5B-AC5C-8A7F7CC5BDC6} = {9BD35C76-B856-49AA-AAA6-91A257153E06}
		{B3D6B114-36F6-4AB1-B95A-8BDF6BD9F0DD} = {9BD35C76-B856-49AA-AAA6-91A257153E06}
		{681BB5A7-1AAD-4242-B4E2-3D86CC6A1DEE} = {0C0E5533-17E5-463D-B8F0-C58A3B3F14A7}
		{C246ADF4-E11D-4302-90AF-2DBD7D5D9355} = {0C0E5533-17E5-463D-B8F0-C58A3B3F14A7}
		{6B0DCC08-7DDD-4214-8299-9D27AC3F3BBD} = {1E53C5C5-2220-4759-AD1D-01D8BC7961C7}
		{6C6EA1B0-EE6B-435E-B080-C99204E7FC06} = {1E53C5C5-2220-4759-AD1D-01D8BC7961C7}
		{04D142DB-218C-464C-9F3B-FF3D09A5D363} = {1E53C5C5-2220-4759-AD1D-01D8BC7961C7}
		{E89F1701-56B2-42BD-A803-6642C3D86AE0} = {1E53C5C5-2220-4759-AD1D-01D8BC7961C7}
		{21F5C5A9-CAE6-4D7C-AF60-82B58E87FBEF} = {B990B644-2C57-4233-81EB-D31E1B75566C}
		{BA30037E-E849-4CFB-ADC7-1763F81425C0} = {B990B644-2C57-4233-81EB-D31E1B75566C}
		{06064D6F-ACD8-41E4-A4D0-BB24D6E2A9D9} = {B990B644-2C57-4233-81EB-D31E1B75566C}
		{D536002B-DB7A-4D0A-8552-3EC7473ECDEF} = {B990B644-2C57-4233-81EB-D31E1B75566C}
		{B4BF0DC6-BF71-47E4-9E5C-C7D1CF01F6D4} = {906CBF05-4A34-4D54-8196-A92E7FE88538}
		{445F6A3B-E059-4606-B391-31511B971063} = {B4BF0DC6-BF71-47E4-9E5C-C7D1CF01F6D4}
		{B1CD94A9-346F-4803-A92D-CF5A60DC6199} = {B4BF0DC6-BF71-47E4-9E5C-C7D1CF01F6D4}
	EndGlobalSection
	GlobalSection(ExtensibilityGlobals) = postSolution
		SolutionGuid = {8A955D40-2C4A-4841-810E-CBE973775072}
	EndGlobalSection
EndGlobal
